{
  "nodes": {
    "crane": {
      "locked": {
        "lastModified": 1730652660,
        "narHash": "sha256-+XVYfmVXAiYA0FZT7ijHf555dxCe+AoAT5A6RU+6vSo=",
        "owner": "ipetkov",
        "repo": "crane",
        "rev": "a4ca93905455c07cb7e3aca95d4faf7601cba458",
        "type": "github"
      },
      "original": {
        "owner": "ipetkov",
        "repo": "crane",
        "type": "github"
      }
    },
    "crane_2": {
      "locked": {
        "lastModified": 1730652660,
        "narHash": "sha256-+XVYfmVXAiYA0FZT7ijHf555dxCe+AoAT5A6RU+6vSo=",
        "owner": "ipetkov",
        "repo": "crane",
        "rev": "a4ca93905455c07cb7e3aca95d4faf7601cba458",
        "type": "github"
      },
      "original": {
        "owner": "ipetkov",
        "repo": "crane",
        "type": "github"
      }
    },
    "firma2_input": {
      "inputs": {
        "crane": "crane",
        "flake-utils": "flake-utils",
        "nixpkgs": [
          "nixpkgs"
        ]
      },
      "locked": {
        "lastModified": 1731059848,
        "narHash": "sha256-A46epY1a7a8A8CtHS6SXDS1cMH2YKT/mkNRV8D6ON7c=",
        "owner": "RCasatta",
        "repo": "firma2",
        "rev": "a90009ba099ccfefbbfbde1b2504077ce3152c6f",
        "type": "github"
      },
      "original": {
        "owner": "RCasatta",
        "repo": "firma2",
        "type": "github"
      }
    },
    "flake-utils": {
      "inputs": {
        "systems": "systems"
      },
      "locked": {
        "lastModified": 1726560853,
        "narHash": "sha256-X6rJYSESBVr3hBoH0WbKE5KvhPU5bloyZ2L4K60/fPQ=",
        "owner": "numtide",
        "repo": "flake-utils",
        "rev": "c1dfcf08411b08f6b8615f7d8971a2bfa81d5e8a",
        "type": "github"
      },
      "original": {
        "owner": "numtide",
        "repo": "flake-utils",
        "type": "github"
      }
    },
    "flake-utils_2": {
      "inputs": {
        "systems": "systems_2"
      },
      "locked": {
        "lastModified": 1726560853,
        "narHash": "sha256-X6rJYSESBVr3hBoH0WbKE5KvhPU5bloyZ2L4K60/fPQ=",
        "owner": "numtide",
        "repo": "flake-utils",
        "rev": "c1dfcf08411b08f6b8615f7d8971a2bfa81d5e8a",
        "type": "github"
      },
      "original": {
        "owner": "numtide",
        "repo": "flake-utils",
        "type": "github"
      }
    },
    "multiqr_input": {
      "inputs": {
        "crane": "crane_2",
        "flake-utils": "flake-utils_2",
        "nixpkgs": [
          "nixpkgs"
        ]
      },
      "locked": {
        "lastModified": 1730789598,
        "narHash": "sha256-XfshpfdloyfUq992gnBb79HcfxfOjMJHFeJRr6w2L1k=",
        "owner": "RCasatta",
        "repo": "multiqr",
        "rev": "04cea375633bae2cee521a7883152fbd7142d349",
        "type": "github"
      },
      "original": {
        "owner": "RCasatta",
        "repo": "multiqr",
        "type": "github"
      }
    },
    "nixpkgs": {
      "locked": {
        "lastModified": 1730883749,
        "narHash": "sha256-mwrFF0vElHJP8X3pFCByJR365Q2463ATp2qGIrDUdlE=",
        "owner": "NixOS",
        "repo": "nixpkgs",
        "rev": "dba414932936fde69f0606b4f1d87c5bc0003ede",
        "type": "github"
      },
      "original": {
        "owner": "NixOS",
        "ref": "nixos-24.05",
        "repo": "nixpkgs",
        "type": "github"
      }
    },
    "root": {
      "inputs": {
        "firma2_input": "firma2_input",
        "multiqr_input": "multiqr_input",
        "nixpkgs": "nixpkgs"
      }
    },
    "systems": {
      "locked": {
        "lastModified": 1681028828,
        "narHash": "sha256-Vy1rq5AaRuLzOxct8nz4T6wlgyUR7zLU309k9mBC768=",
        "owner": "nix-systems",
        "repo": "default",
        "rev": "da67096a3b9bf56a91d16901293e51ba5b49a27e",
        "type": "github"
      },
      "original": {
        "owner": "nix-systems",
        "repo": "default",
        "type": "github"
      }
    },
    "systems_2": {
      "locked": {
        "lastModified": 1681028828,
        "narHash": "sha256-Vy1rq5AaRuLzOxct8nz4T6wlgyUR7zLU309k9mBC768=",
        "owner": "nix-systems",
        "repo": "default",
        "rev": "da67096a3b9bf56a91d16901293e51ba5b49a27e",
        "type": "github"
      },
      "original": {
        "owner": "nix-systems",
        "repo": "default",
        "type": "github"
      }
    }
  },
  "root": "root",
  "version": 7
}
