{
  "nodes": {
    "crane": {
      "locked": {
        "lastModified": 1737689766,
        "narHash": "sha256-ivVXYaYlShxYoKfSo5+y5930qMKKJ8CLcAoIBPQfJ6s=",
        "owner": "ipetkov",
        "repo": "crane",
        "rev": "6fe74265bbb6d016d663b1091f015e2976c4a527",
        "type": "github"
      },
      "original": {
        "owner": "ipetkov",
        "repo": "crane",
        "type": "github"
      }
    },
    "crane_2": {
      "locked": {
        "lastModified": 1730652660,
        "narHash": "sha256-+XVYfmVXAiYA0FZT7ijHf555dxCe+AoAT5A6RU+6vSo=",
        "owner": "ipetkov",
        "repo": "crane",
        "rev": "a4ca93905455c07cb7e3aca95d4faf7601cba458",
        "type": "github"
      },
      "original": {
        "owner": "ipetkov",
        "repo": "crane",
        "type": "github"
      }
    },
    "crane_3": {
      "locked": {
        "lastModified": 1730652660,
        "narHash": "sha256-+XVYfmVXAiYA0FZT7ijHf555dxCe+AoAT5A6RU+6vSo=",
        "owner": "ipetkov",
        "repo": "crane",
        "rev": "a4ca93905455c07cb7e3aca95d4faf7601cba458",
        "type": "github"
      },
      "original": {
        "owner": "ipetkov",
        "repo": "crane",
        "type": "github"
      }
    },
    "firma2_input": {
      "inputs": {
        "crane": "crane",
        "flake-utils": "flake-utils",
        "multiqr-input": "multiqr-input",
        "nixpkgs": [
          "nixpkgs"
        ]
      },
      "locked": {
        "lastModified": 1738145476,
        "narHash": "sha256-jEubFI+IZ8JgQsELA2hqWQrtsA0c1UczTNMX1bCho5o=",
        "owner": "RCasatta",
        "repo": "firma2",
        "rev": "21631daa60f4447b66a0bbd67085f02d26371f7c",
        "type": "github"
      },
      "original": {
        "owner": "RCasatta",
        "repo": "firma2",
        "type": "github"
      }
    },
    "flake-utils": {
      "inputs": {
        "systems": "systems"
      },
      "locked": {
        "lastModified": 1731533236,
        "narHash": "sha256-l0KFg5HjrsfsO/JpG+r7fRrqm12kzFHyUHqHCVpMMbI=",
        "owner": "numtide",
        "repo": "flake-utils",
        "rev": "11707dc2f618dd54ca8739b309ec4fc024de578b",
        "type": "github"
      },
      "original": {
        "owner": "numtide",
        "repo": "flake-utils",
        "type": "github"
      }
    },
    "flake-utils_2": {
      "inputs": {
        "systems": "systems_2"
      },
      "locked": {
        "lastModified": 1726560853,
        "narHash": "sha256-X6rJYSESBVr3hBoH0WbKE5KvhPU5bloyZ2L4K60/fPQ=",
        "owner": "numtide",
        "repo": "flake-utils",
        "rev": "c1dfcf08411b08f6b8615f7d8971a2bfa81d5e8a",
        "type": "github"
      },
      "original": {
        "owner": "numtide",
        "repo": "flake-utils",
        "type": "github"
      }
    },
    "flake-utils_3": {
      "inputs": {
        "systems": "systems_3"
      },
      "locked": {
        "lastModified": 1726560853,
        "narHash": "sha256-X6rJYSESBVr3hBoH0WbKE5KvhPU5bloyZ2L4K60/fPQ=",
        "owner": "numtide",
        "repo": "flake-utils",
        "rev": "c1dfcf08411b08f6b8615f7d8971a2bfa81d5e8a",
        "type": "github"
      },
      "original": {
        "owner": "numtide",
        "repo": "flake-utils",
        "type": "github"
      }
    },
    "multiqr-input": {
      "inputs": {
        "crane": "crane_2",
        "flake-utils": "flake-utils_2",
        "nixpkgs": [
          "firma2_input",
          "nixpkgs"
        ]
      },
      "locked": {
        "lastModified": 1732826907,
        "narHash": "sha256-8A58F+ciH+11StnaZ1YqiF359IlNi3GZERGunUlRkTA=",
        "owner": "RCasatta",
        "repo": "multiqr",
        "rev": "51da7c548723e9420308f252f4fced4d7ebc2e4c",
        "type": "github"
      },
      "original": {
        "owner": "RCasatta",
        "repo": "multiqr",
        "type": "github"
      }
    },
    "multiqr_input": {
      "inputs": {
        "crane": "crane_3",
        "flake-utils": "flake-utils_3",
        "nixpkgs": [
          "nixpkgs"
        ]
      },
      "locked": {
        "lastModified": 1732826907,
        "narHash": "sha256-8A58F+ciH+11StnaZ1YqiF359IlNi3GZERGunUlRkTA=",
        "owner": "RCasatta",
        "repo": "multiqr",
        "rev": "51da7c548723e9420308f252f4fced4d7ebc2e4c",
        "type": "github"
      },
      "original": {
        "owner": "RCasatta",
        "repo": "multiqr",
        "type": "github"
      }
    },
    "nixpkgs": {
      "locked": {
        "lastModified": 1737885640,
        "narHash": "sha256-GFzPxJzTd1rPIVD4IW+GwJlyGwBDV1Tj5FLYwDQQ9sM=",
        "owner": "nixos",
        "repo": "nixpkgs",
        "rev": "4e96537f163fad24ed9eb317798a79afc85b51b7",
        "type": "github"
      },
      "original": {
        "owner": "nixos",
        "ref": "nixos-24.11",
        "repo": "nixpkgs",
        "type": "github"
      }
    },
    "root": {
      "inputs": {
        "firma2_input": "firma2_input",
        "multiqr_input": "multiqr_input",
        "nixpkgs": "nixpkgs"
      }
    },
    "systems": {
      "locked": {
        "lastModified": 1681028828,
        "narHash": "sha256-Vy1rq5AaRuLzOxct8nz4T6wlgyUR7zLU309k9mBC768=",
        "owner": "nix-systems",
        "repo": "default",
        "rev": "da67096a3b9bf56a91d16901293e51ba5b49a27e",
        "type": "github"
      },
      "original": {
        "owner": "nix-systems",
        "repo": "default",
        "type": "github"
      }
    },
    "systems_2": {
      "locked": {
        "lastModified": 1681028828,
        "narHash": "sha256-Vy1rq5AaRuLzOxct8nz4T6wlgyUR7zLU309k9mBC768=",
        "owner": "nix-systems",
        "repo": "default",
        "rev": "da67096a3b9bf56a91d16901293e51ba5b49a27e",
        "type": "github"
      },
      "original": {
        "owner": "nix-systems",
        "repo": "default",
        "type": "github"
      }
    },
    "systems_3": {
      "locked": {
        "lastModified": 1681028828,
        "narHash": "sha256-Vy1rq5AaRuLzOxct8nz4T6wlgyUR7zLU309k9mBC768=",
        "owner": "nix-systems",
        "repo": "default",
        "rev": "da67096a3b9bf56a91d16901293e51ba5b49a27e",
        "type": "github"
      },
      "original": {
        "owner": "nix-systems",
        "repo": "default",
        "type": "github"
      }
    }
  },
  "root": "root",
  "version": 7
}
